// !$*UTF8*$!
{
	archiveVersion = 1;
	classes = {
	};
	objectVersion = 46;
	objects = {

/* Begin PBXBuildFile section */
		40A5AB8F1F2049C60034705C /* AppDelegate.swift in Sources */ = {isa = PBXBuildFile; fileRef = 40A5AB8E1F2049C60034705C /* AppDelegate.swift */; };
		40A5AB911F2049C60034705C /* MasterViewController.swift in Sources */ = {isa = PBXBuildFile; fileRef = 40A5AB901F2049C60034705C /* MasterViewController.swift */; };
		40A5AB931F2049C60034705C /* DetailViewController.swift in Sources */ = {isa = PBXBuildFile; fileRef = 40A5AB921F2049C60034705C /* DetailViewController.swift */; };
		40A5AB961F2049C60034705C /* Main.storyboard in Resources */ = {isa = PBXBuildFile; fileRef = 40A5AB941F2049C60034705C /* Main.storyboard */; };
		40A5AB981F2049C60034705C /* Assets.xcassets in Resources */ = {isa = PBXBuildFile; fileRef = 40A5AB971F2049C60034705C /* Assets.xcassets */; };
		40A5AB9B1F2049C60034705C /* LaunchScreen.storyboard in Resources */ = {isa = PBXBuildFile; fileRef = 40A5AB991F2049C60034705C /* LaunchScreen.storyboard */; };
		40A5ABA31F2052DA0034705C /* Reminder.swift in Sources */ = {isa = PBXBuildFile; fileRef = 40A5ABA21F2052DA0034705C /* Reminder.swift */; };
/* End PBXBuildFile section */

/* Begin PBXFileReference section */
		40A5AB8B1F2049C60034705C /* ClassClock2.app */ = {isa = PBXFileReference; explicitFileType = wrapper.application; includeInIndex = 0; path = ClassClock2.app; sourceTree = BUILT_PRODUCTS_DIR; };
		40A5AB8E1F2049C60034705C /* AppDelegate.swift */ = {isa = PBXFileReference; lastKnownFileType = sourcecode.swift; path = AppDelegate.swift; sourceTree = "<group>"; };
		40A5AB901F2049C60034705C /* MasterViewController.swift */ = {isa = PBXFileReference; lastKnownFileType = sourcecode.swift; path = MasterViewController.swift; sourceTree = "<group>"; };
		40A5AB921F2049C60034705C /* DetailViewController.swift */ = {isa = PBXFileReference; lastKnownFileType = sourcecode.swift; path = DetailViewController.swift; sourceTree = "<group>"; };
		40A5AB951F2049C60034705C /* Base */ = {isa = PBXFileReference; lastKnownFileType = file.storyboard; name = Base; path = Base.lproj/Main.storyboard; sourceTree = "<group>"; };
		40A5AB971F2049C60034705C /* Assets.xcassets */ = {isa = PBXFileReference; lastKnownFileType = folder.assetcatalog; path = Assets.xcassets; sourceTree = "<group>"; };
		40A5AB9A1F2049C60034705C /* Base */ = {isa = PBXFileReference; lastKnownFileType = file.storyboard; name = Base; path = Base.lproj/LaunchScreen.storyboard; sourceTree = "<group>"; };
		40A5AB9C1F2049C60034705C /* Info.plist */ = {isa = PBXFileReference; lastKnownFileType = text.plist.xml; path = Info.plist; sourceTree = "<group>"; };
		40A5ABA21F2052DA0034705C /* Reminder.swift */ = {isa = PBXFileReference; fileEncoding = 4; lastKnownFileType = sourcecode.swift; path = Reminder.swift; sourceTree = "<group>"; };
/* End PBXFileReference section */

/* Begin PBXFrameworksBuildPhase section */
		40A5AB881F2049C60034705C /* Frameworks */ = {
			isa = PBXFrameworksBuildPhase;
			buildActionMask = 2147483647;
			files = (
			);
			runOnlyForDeploymentPostprocessing = 0;
		};
/* End PBXFrameworksBuildPhase section */

/* Begin PBXGroup section */
		40A5AB821F2049C60034705C = {
			isa = PBXGroup;
			children = (
				40A5AB8D1F2049C60034705C /* ClassClock2 */,
				40A5AB8C1F2049C60034705C /* Products */,
			);
			sourceTree = "<group>";
		};
		40A5AB8C1F2049C60034705C /* Products */ = {
			isa = PBXGroup;
			children = (
				40A5AB8B1F2049C60034705C /* ClassClock2.app */,
			);
			name = Products;
			sourceTree = "<group>";
		};
		40A5AB8D1F2049C60034705C /* ClassClock2 */ = {
			isa = PBXGroup;
			children = (
				40A5AB8E1F2049C60034705C /* AppDelegate.swift */,
				40A5AB901F2049C60034705C /* MasterViewController.swift */,
				40A5AB921F2049C60034705C /* DetailViewController.swift */,
				40A5AB941F2049C60034705C /* Main.storyboard */,
				40A5AB971F2049C60034705C /* Assets.xcassets */,
				40A5AB991F2049C60034705C /* LaunchScreen.storyboard */,
				40A5AB9C1F2049C60034705C /* Info.plist */,
				40A5ABA21F2052DA0034705C /* Reminder.swift */,
			);
			path = ClassClock2;
			sourceTree = "<group>";
		};
/* End PBXGroup section */

/* Begin PBXNativeTarget section */
		40A5AB8A1F2049C60034705C /* ClassClock2 */ = {
			isa = PBXNativeTarget;
			buildConfigurationList = 40A5AB9F1F2049C60034705C /* Build configuration list for PBXNativeTarget "ClassClock2" */;
			buildPhases = (
				40A5AB871F2049C60034705C /* Sources */,
				40A5AB881F2049C60034705C /* Frameworks */,
				40A5AB891F2049C60034705C /* Resources */,
			);
			buildRules = (
			);
			dependencies = (
			);
			name = ClassClock2;
			productName = ClassClock2;
			productReference = 40A5AB8B1F2049C60034705C /* ClassClock2.app */;
			productType = "com.apple.product-type.application";
		};
/* End PBXNativeTarget section */

/* Begin PBXProject section */
		40A5AB831F2049C60034705C /* Project object */ = {
			isa = PBXProject;
			attributes = {
				LastSwiftUpdateCheck = 0830;
				LastUpgradeCheck = 0830;
				ORGANIZATIONNAME = "Ericka Allen";
				TargetAttributes = {
					40A5AB8A1F2049C60034705C = {
						CreatedOnToolsVersion = 8.3.3;
						DevelopmentTeam = XL3D9X6U32;
						ProvisioningStyle = Automatic;
					};
				};
			};
			buildConfigurationList = 40A5AB861F2049C60034705C /* Build configuration list for PBXProject "ClassClock2" */;
			compatibilityVersion = "Xcode 3.2";
			developmentRegion = English;
			hasScannedForEncodings = 0;
			knownRegions = (
				en,
				Base,
			);
			mainGroup = 40A5AB821F2049C60034705C;
			productRefGroup = 40A5AB8C1F2049C60034705C /* Products */;
			projectDirPath = "";
			projectRoot = "";
			targets = (
				40A5AB8A1F2049C60034705C /* ClassClock2 */,
			);
		};
/* End PBXProject section */

/* Begin PBXResourcesBuildPhase section */
		40A5AB891F2049C60034705C /* Resources */ = {
			isa = PBXResourcesBuildPhase;
			buildActionMask = 2147483647;
			files = (
				40A5AB9B1F2049C60034705C /* LaunchScreen.storyboard in Resources */,
				40A5AB981F2049C60034705C /* Assets.xcassets in Resources */,
				40A5AB961F2049C60034705C /* Main.storyboard in Resources */,
			);
			runOnlyForDeploymentPostprocessing = 0;
		};
/* End PBXResourcesBuildPhase section */

/* Begin PBXSourcesBuildPhase section */
		40A5AB871F2049C60034705C /* Sources */ = {
			isa = PBXSourcesBuildPhase;
			buildActionMask = 2147483647;
			files = (
				40A5AB931F2049C60034705C /* DetailViewController.swift in Sources */,
				40A5AB911F2049C60034705C /* MasterViewController.swift in Sources */,
				40A5AB8F1F2049C60034705C /* AppDelegate.swift in Sources */,
				40A5ABA31F2052DA0034705C /* Reminder.swift in Sources */,
			);
			runOnlyForDeploymentPostprocessing = 0;
		};
/* End PBXSourcesBuildPhase section */

/* Begin PBXVariantGroup section */
		40A5AB941F2049C60034705C /* Main.storyboard */ = {
			isa = PBXVariantGroup;
			children = (
				40A5AB951F2049C60034705C /* Base */,
			);
			name = Main.storyboard;
			sourceTree = "<group>";
		};
		40A5AB991F2049C60034705C /* LaunchScreen.storyboard */ = {
			isa = PBXVariantGroup;
			children = (
				40A5AB9A1F2049C60034705C /* Base */,
			);
			name = LaunchScreen.storyboard;
			sourceTree = "<group>";
		};
/* End PBXVariantGroup section */

/* Begin XCBuildConfiguration section */
		40A5AB9D1F2049C60034705C /* Debug */ = {
			isa = XCBuildConfiguration;
			buildSettings = {
				ALWAYS_SEARCH_USER_PATHS = NO;
				CLANG_ANALYZER_NONNULL = YES;
				CLANG_ANALYZER_NUMBER_OBJECT_CONVERSION = YES_AGGRESSIVE;
				CLANG_CXX_LANGUAGE_STANDARD = "gnu++0x";
				CLANG_CXX_LIBRARY = "libc++";
				CLANG_ENABLE_MODULES = YES;
				CLANG_ENABLE_OBJC_ARC = YES;
				CLANG_WARN_BOOL_CONVERSION = YES;
				CLANG_WARN_CONSTANT_CONVERSION = YES;
				CLANG_WARN_DIRECT_OBJC_ISA_USAGE = YES_ERROR;
				CLANG_WARN_DOCUMENTATION_COMMENTS = YES;
				CLANG_WARN_EMPTY_BODY = YES;
				CLANG_WARN_ENUM_CONVERSION = YES;
				CLANG_WARN_INFINITE_RECURSION = YES;
				CLANG_WARN_INT_CONVERSION = YES;
				CLANG_WARN_OBJC_ROOT_CLASS = YES_ERROR;
				CLANG_WARN_SUSPICIOUS_MOVE = YES;
				CLANG_WARN_UNREACHABLE_CODE = YES;
				CLANG_WARN__DUPLICATE_METHOD_MATCH = YES;
				"CODE_SIGN_IDENTITY[sdk=iphoneos*]" = "iPhone Developer";
				COPY_PHASE_STRIP = NO;
				DEBUG_INFORMATION_FORMAT = dwarf;
				ENABLE_STRICT_OBJC_MSGSEND = YES;
				ENABLE_TESTABILITY = YES;
				GCC_C_LANGUAGE_STANDARD = gnu99;
				GCC_DYNAMIC_NO_PIC = NO;
				GCC_NO_COMMON_BLOCKS = YES;
				GCC_OPTIMIZATION_LEVEL = 0;
				GCC_PREPROCESSOR_DEFINITIONS = (
					"DEBUG=1",
					"$(inherited)",
				);
				GCC_WARN_64_TO_32_BIT_CONVERSION = YES;
				GCC_WARN_ABOUT_RETURN_TYPE = YES_ERROR;
				GCC_WARN_UNDECLARED_SELECTOR = YES;
				GCC_WARN_UNINITIALIZED_AUTOS = YES_AGGRESSIVE;
				GCC_WARN_UNUSED_FUNCTION = YES;
				GCC_WARN_UNUSED_VARIABLE = YES;
				IPHONEOS_DEPLOYMENT_TARGET = 10.3;
				MTL_ENABLE_DEBUG_INFO = YES;
				ONLY_ACTIVE_ARCH = YES;
				SDKROOT = iphoneos;
				SWIFT_ACTIVE_COMPILATION_CONDITIONS = DEBUG;
				SWIFT_OPTIMIZATION_LEVEL = "-Onone";
				TARGETED_DEVICE_FAMILY = "1,2";
			};
			name = Debug;
		};
		40A5AB9E1F2049C60034705C /* Release */ = {
			isa = XCBuildConfiguration;
			buildSettings = {
				ALWAYS_SEARCH_USER_PATHS = NO;
				CLANG_ANALYZER_NONNULL = YES;
				CLANG_ANALYZER_NUMBER_OBJECT_CONVERSION = YES_AGGRESSIVE;
				CLANG_CXX_LANGUAGE_STANDARD = "gnu++0x";
				CLANG_CXX_LIBRARY = "libc++";
				CLANG_ENABLE_MODULES = YES;
				CLANG_ENABLE_OBJC_ARC = YES;
				CLANG_WARN_BOOL_CONVERSION = YES;
				CLANG_WARN_CONSTANT_CONVERSION = YES;
				CLANG_WARN_DIRECT_OBJC_ISA_USAGE = YES_ERROR;
				CLANG_WARN_DOCUMENTATION_COMMENTS = YES;
				CLANG_WARN_EMPTY_BODY = YES;
				CLANG_WARN_ENUM_CONVERSION = YES;
				CLANG_WARN_INFINITE_RECURSION = YES;
				CLANG_WARN_INT_CONVERSION = YES;
				CLANG_WARN_OBJC_ROOT_CLASS = YES_ERROR;
				CLANG_WARN_SUSPICIOUS_MOVE = YES;
				CLANG_WARN_UNREACHABLE_CODE = YES;
				CLANG_WARN__DUPLICATE_METHOD_MATCH = YES;
				"CODE_SIGN_IDENTITY[sdk=iphoneos*]" = "iPhone Developer";
				COPY_PHASE_STRIP = NO;
				DEBUG_INFORMATION_FORMAT = "dwarf-with-dsym";
				ENABLE_NS_ASSERTIONS = NO;
				ENABLE_STRICT_OBJC_MSGSEND = YES;
				GCC_C_LANGUAGE_STANDARD = gnu99;
				GCC_NO_COMMON_BLOCKS = YES;
				GCC_WARN_64_TO_32_BIT_CONVERSION = YES;
				GCC_WARN_ABOUT_RETURN_TYPE = YES_ERROR;
				GCC_WARN_UNDECLARED_SELECTOR = YES;
				GCC_WARN_UNINITIALIZED_AUTOS = YES_AGGRESSIVE;
				GCC_WARN_UNUSED_FUNCTION = YES;
				GCC_WARN_UNUSED_VARIABLE = YES;
				IPHONEOS_DEPLOYMENT_TARGET = 10.3;
				MTL_ENABLE_DEBUG_INFO = NO;
				SDKROOT = iphoneos;
				SWIFT_OPTIMIZATION_LEVEL = "-Owholemodule";
				TARGETED_DEVICE_FAMILY = "1,2";
				VALIDATE_PRODUCT = YES;
			};
			name = Release;
		};
		40A5ABA01F2049C60034705C /* Debug */ = {
			isa = XCBuildConfiguration;
			buildSettings = {
				ASSETCATALOG_COMPILER_APPICON_NAME = AppIcon;
				DEVELOPMENT_TEAM = XL3D9X6U32;
				INFOPLIST_FILE = ClassClock2/Info.plist;
				LD_RUNPATH_SEARCH_PATHS = "$(inherited) @executable_path/Frameworks";
				PRODUCT_BUNDLE_IDENTIFIER = com.erickaallen.ClassClock2;
				PRODUCT_NAME = "$(TARGET_NAME)";
				SWIFT_VERSION = 3.0;
			};
			name = Debug;
		};
		40A5ABA11F2049C60034705C /* Release */ = {
			isa = XCBuildConfiguration;
			buildSettings = {
				ASSETCATALOG_COMPILER_APPICON_NAME = AppIcon;
				DEVELOPMENT_TEAM = XL3D9X6U32;
				INFOPLIST_FILE = ClassClock2/Info.plist;
				LD_RUNPATH_SEARCH_PATHS = "$(inherited) @executable_path/Frameworks";
				PRODUCT_BUNDLE_IDENTIFIER = com.erickaallen.ClassClock2;
				PRODUCT_NAME = "$(TARGET_NAME)";
				SWIFT_VERSION = 3.0;
			};
			name = Release;
		};
/* End XCBuildConfiguration section */

/* Begin XCConfigurationList section */
		40A5AB861F2049C60034705C /* Build configuration list for PBXProject "ClassClock2" */ = {
			isa = XCConfigurationList;
			buildConfigurations = (
				40A5AB9D1F2049C60034705C /* Debug */,
				40A5AB9E1F2049C60034705C /* Release */,
			);
			defaultConfigurationIsVisible = 0;
			defaultConfigurationName = Release;
		};
		40A5AB9F1F2049C60034705C /* Build configuration list for PBXNativeTarget "ClassClock2" */ = {
			isa = XCConfigurationList;
			buildConfigurations = (
				40A5ABA01F2049C60034705C /* Debug */,
				40A5ABA11F2049C60034705C /* Release */,
			);
			defaultConfigurationIsVisible = 0;
		};
/* End XCConfigurationList section */
	};
	rootObject = 40A5AB831F2049C60034705C /* Project object */;
}
